
Microsoft Visual Studio Solution File, Format Version 12.00
# Visual Studio 14
VisualStudioVersion = 14.0.23107.0
MinimumVisualStudioVersion = 10.0.40219.1
Project("{FAE04EC0-301F-11D3-BF4B-00C04F79EFBC}") = "KeyManagerDemo", "KeyManager\KeyManagerDemo.csproj", "{389E6AC7-0F64-4433-AB29-138F05E23C90}"
EndProject
Project("{FAE04EC0-301F-11D3-BF4B-00C04F79EFBC}") = "TCPHelper", "TCPHelper\TCPHelper.csproj", "{F447EE32-7041-43E7-95FB-9036C7D773D0}"
EndProject
Global
	GlobalSection(SolutionConfigurationPlatforms) = preSolution
		Debug|Any CPU = Debug|Any CPU
		Debug|x86 = Debug|x86
		Release|Any CPU = Release|Any CPU
		Release|x86 = Release|x86
	EndGlobalSection
	GlobalSection(ProjectConfigurationPlatforms) = postSolution
		{389E6AC7-0F64-4433-AB29-138F05E23C90}.Debug|Any CPU.ActiveCfg = Debug|Any CPU
		{389E6AC7-0F64-4433-AB29-138F05E23C90}.Debug|Any CPU.Build.0 = Debug|Any CPU
		{389E6AC7-0F64-4433-AB29-138F05E23C90}.Debug|x86.ActiveCfg = Debug|Any CPU
		{389E6AC7-0F64-4433-AB29-138F05E23C90}.Debug|x86.Build.0 = Debug|Any CPU
		{389E6AC7-0F64-4433-AB29-138F05E23C90}.Release|Any CPU.ActiveCfg = Release|Any CPU
		{389E6AC7-0F64-4433-AB29-138F05E23C90}.Release|Any CPU.Build.0 = Release|Any CPU
		{389E6AC7-0F64-4433-AB29-138F05E23C90}.Release|x86.ActiveCfg = Release|Any CPU
		{389E6AC7-0F64-4433-AB29-138F05E23C90}.Release|x86.Build.0 = Release|Any CPU
		{F447EE32-7041-43E7-95FB-9036C7D773D0}.Debug|Any CPU.ActiveCfg = Debug|Any CPU
		{F447EE32-7041-43E7-95FB-9036C7D773D0}.Debug|Any CPU.Build.0 = Debug|Any CPU
		{F447EE32-7041-43E7-95FB-9036C7D773D0}.Debug|x86.ActiveCfg = Debug|Any CPU
		{F447EE32-7041-43E7-95FB-9036C7D773D0}.Debug|x86.Build.0 = Debug|Any CPU
		{F447EE32-7041-43E7-95FB-9036C7D773D0}.Release|Any CPU.ActiveCfg = Release|Any CPU
		{F447EE32-7041-43E7-95FB-9036C7D773D0}.Release|Any CPU.Build.0 = Release|Any CPU
		{F447EE32-7041-43E7-95FB-9036C7D773D0}.Release|x86.ActiveCfg = Release|Any CPU
		{F447EE32-7041-43E7-95FB-9036C7D773D0}.Release|x86.Build.0 = Release|Any CPU
	EndGlobalSection
	GlobalSection(SolutionProperties) = preSolution
		HideSolutionNode = FALSE
	EndGlobalSection
EndGlobal
